lockfileVersion: '9.0'

settings:
  autoInstallPeers: true
  excludeLinksFromLockfile: false

importers:

  .:
    {}

  packages/app:
    dependencies:
      '@probe/lib':
        specifier: workspace:*
        version: link:../lib
      react:
        specifier: 18.3.1
        version: 18.3.1

  packages/lib:
    dependencies:
      lodash:
        specifier: 4.17.21
        version: 4.17.21
      react-is:
        specifier: 18.3.1
        version: 18.3.1
    peerDependencies:
      react:
        specifier: ^18.0.0
        version: 18.3.1

packages:

  js-tokens@4.0.0:
    resolution: {integrity: sha512-RdJUflcE3cUzKiMqQgsCu06FPu9UdIJO0beYbPhHN4k6apgJtifcoCtT9bcxOpYBtpD2kCM6Sbzg4CausW/PKQ==}

  lodash@4.17.21:
    resolution: {integrity: sha512-v2kDEe57lecTulaDIuNTPy3Ry4gLGJ6Z1O3vE1krgXZNrsQ+LFTGHVxVjcXPs17LhbZkbf4fVLxX+4ycWmqTA==}

  loose-envify@1.4.0:
    resolution: {integrity: sha512-lyuxPGr/Wfhrlem2CL/UcnUc1zcqKAImBDzukY7Y5F/yQiNdko6+DVXcGy5Z4OZn1mNbM/JWg/2pFhKkGT9+A==}
    hasBin: true

  react-is@18.3.1:
    resolution: {integrity: sha512-/LLMVyas0ljjAtoYiPqYiL8VWXzUUdThrmU5+n20DZv+a+ClRoevUzw5JxU+Ieh5/c87ytoTBV9G1FiKfNJdmg==}
    peerDependencies:
      react: ^18.0.0
    peerDependenciesMeta:
      react:
        optional: false

  react@18.3.1:
    resolution: {integrity: sha512-wS+hAgJShR0KhEvPJArfuPVN1+Hz1t0Y6n5jLASdduoqMH3MJMIQV9pIF8fKp2tBi6gN12mlKU0VDMo3VEoVQ==}
    engines: {node: '>=0.10.0'}

snapshots:

  js-tokens@4.0.0: {}

  lodash@4.17.21: {}

  loose-envify@1.4.0:
    dependencies:
      js-tokens: 4.0.0

  react-is@18.3.1: {}

  react@18.3.1:
    dependencies:
      loose-envify: 1.4.0
